// !$*UTF8*$!
{
	archiveVersion = 1;
	classes = {
	};
	objectVersion = 56;
	objects = {

/* Begin PBXBuildFile section */
		6768C52C2B1B39520015A2DD /* NaiveCalApp.swift in Sources */ = {isa = PBXBuildFile; fileRef = 6768C52B2B1B39520015A2DD /* NaiveCalApp.swift */; };
		6768C52E2B1B39520015A2DD /* ContentView.swift in Sources */ = {isa = PBXBuildFile; fileRef = 6768C52D2B1B39520015A2DD /* ContentView.swift */; };
		6768C5302B1B39530015A2DD /* Assets.xcassets in Resources */ = {isa = PBXBuildFile; fileRef = 6768C52F2B1B39530015A2DD /* Assets.xcassets */; };
		6768C5332B1B39530015A2DD /* Preview Assets.xcassets in Resources */ = {isa = PBXBuildFile; fileRef = 6768C5322B1B39530015A2DD /* Preview Assets.xcassets */; };
		6768C53B2B1B39B30015A2DD /* AppDelegate.swift in Sources */ = {isa = PBXBuildFile; fileRef = 6768C53A2B1B39B30015A2DD /* AppDelegate.swift */; };
		6768C53E2B1B3C870015A2DD /* LunarSwift in Frameworks */ = {isa = PBXBuildFile; productRef = 6768C53D2B1B3C870015A2DD /* LunarSwift */; };
		6768C5412B1B3D210015A2DD /* Store.swift in Sources */ = {isa = PBXBuildFile; fileRef = 6768C5402B1B3D210015A2DD /* Store.swift */; };
		6768C5462B1B488B0015A2DD /* Calendar.swift in Sources */ = {isa = PBXBuildFile; fileRef = 6768C5452B1B488B0015A2DD /* Calendar.swift */; };
		6793DC522B216E60002FC70B /* SettingAboutView.swift in Sources */ = {isa = PBXBuildFile; fileRef = 6793DC512B216E60002FC70B /* SettingAboutView.swift */; };
		67D55FED2B21E36A0090D10A /* LaunchAtLogin in Frameworks */ = {isa = PBXBuildFile; productRef = 67D55FEC2B21E36A0090D10A /* LaunchAtLogin */; };
		67D7F3802B20986D00D3B16B /* SettingLayoutView.swift in Sources */ = {isa = PBXBuildFile; fileRef = 67D7F37F2B20986D00D3B16B /* SettingLayoutView.swift */; };
		67FF261A2B1D7CFB00157074 /* SettingView.swift in Sources */ = {isa = PBXBuildFile; fileRef = 67FF26192B1D7CFB00157074 /* SettingView.swift */; };
		67FF261C2B1D7E2F00157074 /* Localizable.xcstrings in Resources */ = {isa = PBXBuildFile; fileRef = 67FF261B2B1D7E2F00157074 /* Localizable.xcstrings */; };
		67FF261E2B1DA65F00157074 /* SettingGeneralView.swift in Sources */ = {isa = PBXBuildFile; fileRef = 67FF261D2B1DA65F00157074 /* SettingGeneralView.swift */; };
/* End PBXBuildFile section */

/* Begin PBXFileReference section */
		6768C5282B1B39520015A2DD /* NaiveCal.app */ = {isa = PBXFileReference; explicitFileType = wrapper.application; includeInIndex = 0; path = NaiveCal.app; sourceTree = BUILT_PRODUCTS_DIR; };
		6768C52B2B1B39520015A2DD /* NaiveCalApp.swift */ = {isa = PBXFileReference; lastKnownFileType = sourcecode.swift; path = NaiveCalApp.swift; sourceTree = "<group>"; };
		6768C52D2B1B39520015A2DD /* ContentView.swift */ = {isa = PBXFileReference; lastKnownFileType = sourcecode.swift; path = ContentView.swift; sourceTree = "<group>"; };
		6768C52F2B1B39530015A2DD /* Assets.xcassets */ = {isa = PBXFileReference; lastKnownFileType = folder.assetcatalog; path = Assets.xcassets; sourceTree = "<group>"; };
		6768C5322B1B39530015A2DD /* Preview Assets.xcassets */ = {isa = PBXFileReference; lastKnownFileType = folder.assetcatalog; path = "Preview Assets.xcassets"; sourceTree = "<group>"; };
		6768C5342B1B39530015A2DD /* NaiveCal.entitlements */ = {isa = PBXFileReference; lastKnownFileType = text.plist.entitlements; path = NaiveCal.entitlements; sourceTree = "<group>"; };
		6768C53A2B1B39B30015A2DD /* AppDelegate.swift */ = {isa = PBXFileReference; lastKnownFileType = sourcecode.swift; path = AppDelegate.swift; sourceTree = "<group>"; };
		6768C5402B1B3D210015A2DD /* Store.swift */ = {isa = PBXFileReference; lastKnownFileType = sourcecode.swift; path = Store.swift; sourceTree = "<group>"; };
		6768C5452B1B488B0015A2DD /* Calendar.swift */ = {isa = PBXFileReference; lastKnownFileType = sourcecode.swift; path = Calendar.swift; sourceTree = "<group>"; };
		6793DC512B216E60002FC70B /* SettingAboutView.swift */ = {isa = PBXFileReference; lastKnownFileType = sourcecode.swift; path = SettingAboutView.swift; sourceTree = "<group>"; };
		67D7F37F2B20986D00D3B16B /* SettingLayoutView.swift */ = {isa = PBXFileReference; lastKnownFileType = sourcecode.swift; path = SettingLayoutView.swift; sourceTree = "<group>"; };
		67FF26192B1D7CFB00157074 /* SettingView.swift */ = {isa = PBXFileReference; lastKnownFileType = sourcecode.swift; path = SettingView.swift; sourceTree = "<group>"; };
		67FF261B2B1D7E2F00157074 /* Localizable.xcstrings */ = {isa = PBXFileReference; lastKnownFileType = text.json.xcstrings; path = Localizable.xcstrings; sourceTree = "<group>"; };
		67FF261D2B1DA65F00157074 /* SettingGeneralView.swift */ = {isa = PBXFileReference; lastKnownFileType = sourcecode.swift; path = SettingGeneralView.swift; sourceTree = "<group>"; };
/* End PBXFileReference section */

/* Begin PBXFrameworksBuildPhase section */
		6768C5252B1B39520015A2DD /* Frameworks */ = {
			isa = PBXFrameworksBuildPhase;
			buildActionMask = 2147483647;
			files = (
				67D55FED2B21E36A0090D10A /* LaunchAtLogin in Frameworks */,
				6768C53E2B1B3C870015A2DD /* LunarSwift in Frameworks */,
			);
			runOnlyForDeploymentPostprocessing = 0;
		};
/* End PBXFrameworksBuildPhase section */

/* Begin PBXGroup section */
		6768C51F2B1B39520015A2DD = {
			isa = PBXGroup;
			children = (
				6768C52A2B1B39520015A2DD /* NaiveCal */,
				6768C5292B1B39520015A2DD /* Products */,
			);
			sourceTree = "<group>";
		};
		6768C5292B1B39520015A2DD /* Products */ = {
			isa = PBXGroup;
			children = (
				6768C5282B1B39520015A2DD /* NaiveCal.app */,
			);
			name = Products;
			sourceTree = "<group>";
		};
		6768C52A2B1B39520015A2DD /* NaiveCal */ = {
			isa = PBXGroup;
			children = (
				6768C53F2B1B3D170015A2DD /* Models */,
				6768C53A2B1B39B30015A2DD /* AppDelegate.swift */,
				6768C52B2B1B39520015A2DD /* NaiveCalApp.swift */,
				6768C52D2B1B39520015A2DD /* ContentView.swift */,
				67FF26192B1D7CFB00157074 /* SettingView.swift */,
				67FF261D2B1DA65F00157074 /* SettingGeneralView.swift */,
				67D7F37F2B20986D00D3B16B /* SettingLayoutView.swift */,
				6793DC512B216E60002FC70B /* SettingAboutView.swift */,
				6768C52F2B1B39530015A2DD /* Assets.xcassets */,
				67FF261B2B1D7E2F00157074 /* Localizable.xcstrings */,
				6768C5342B1B39530015A2DD /* NaiveCal.entitlements */,
				6768C5312B1B39530015A2DD /* Preview Content */,
			);
			path = NaiveCal;
			sourceTree = "<group>";
		};
		6768C5312B1B39530015A2DD /* Preview Content */ = {
			isa = PBXGroup;
			children = (
				6768C5322B1B39530015A2DD /* Preview Assets.xcassets */,
			);
			path = "Preview Content";
			sourceTree = "<group>";
		};
		6768C53F2B1B3D170015A2DD /* Models */ = {
			isa = PBXGroup;
			children = (
				6768C5402B1B3D210015A2DD /* Store.swift */,
				6768C5452B1B488B0015A2DD /* Calendar.swift */,
			);
			path = Models;
			sourceTree = "<group>";
		};
/* End PBXGroup section */

/* Begin PBXNativeTarget section */
		6768C5272B1B39520015A2DD /* NaiveCal */ = {
			isa = PBXNativeTarget;
			buildConfigurationList = 6768C5372B1B39530015A2DD /* Build configuration list for PBXNativeTarget "NaiveCal" */;
			buildPhases = (
				6768C5242B1B39520015A2DD /* Sources */,
				6768C5252B1B39520015A2DD /* Frameworks */,
				6768C5262B1B39520015A2DD /* Resources */,
			);
			buildRules = (
			);
			dependencies = (
			);
			name = NaiveCal;
			packageProductDependencies = (
				6768C53D2B1B3C870015A2DD /* LunarSwift */,
				67D55FEC2B21E36A0090D10A /* LaunchAtLogin */,
			);
			productName = NaiveCal;
			productReference = 6768C5282B1B39520015A2DD /* NaiveCal.app */;
			productType = "com.apple.product-type.application";
		};
/* End PBXNativeTarget section */

/* Begin PBXProject section */
		6768C5202B1B39520015A2DD /* Project object */ = {
			isa = PBXProject;
			attributes = {
				BuildIndependentTargetsInParallel = 1;
				LastSwiftUpdateCheck = 1500;
				LastUpgradeCheck = 1500;
				TargetAttributes = {
					6768C5272B1B39520015A2DD = {
						CreatedOnToolsVersion = 15.0.1;
					};
				};
			};
			buildConfigurationList = 6768C5232B1B39520015A2DD /* Build configuration list for PBXProject "NaiveCal" */;
			compatibilityVersion = "Xcode 14.0";
			developmentRegion = en;
			hasScannedForEncodings = 0;
			knownRegions = (
				en,
				Base,
				"zh-Hans",
			);
			mainGroup = 6768C51F2B1B39520015A2DD;
			packageReferences = (
				6768C53C2B1B3C870015A2DD /* XCRemoteSwiftPackageReference "lunar-swift" */,
				67D55FEB2B21E36A0090D10A /* XCRemoteSwiftPackageReference "LaunchAtLogin" */,
			);
			productRefGroup = 6768C5292B1B39520015A2DD /* Products */;
			projectDirPath = "";
			projectRoot = "";
			targets = (
				6768C5272B1B39520015A2DD /* NaiveCal */,
			);
		};
/* End PBXProject section */

/* Begin PBXResourcesBuildPhase section */
		6768C5262B1B39520015A2DD /* Resources */ = {
			isa = PBXResourcesBuildPhase;
			buildActionMask = 2147483647;
			files = (
				6768C5332B1B39530015A2DD /* Preview Assets.xcassets in Resources */,
				6768C5302B1B39530015A2DD /* Assets.xcassets in Resources */,
				67FF261C2B1D7E2F00157074 /* Localizable.xcstrings in Resources */,
			);
			runOnlyForDeploymentPostprocessing = 0;
		};
/* End PBXResourcesBuildPhase section */

/* Begin PBXSourcesBuildPhase section */
		6768C5242B1B39520015A2DD /* Sources */ = {
			isa = PBXSourcesBuildPhase;
			buildActionMask = 2147483647;
			files = (
				6768C5462B1B488B0015A2DD /* Calendar.swift in Sources */,
				6768C53B2B1B39B30015A2DD /* AppDelegate.swift in Sources */,
				67FF261A2B1D7CFB00157074 /* SettingView.swift in Sources */,
				6768C52E2B1B39520015A2DD /* ContentView.swift in Sources */,
				6793DC522B216E60002FC70B /* SettingAboutView.swift in Sources */,
				6768C52C2B1B39520015A2DD /* NaiveCalApp.swift in Sources */,
				6768C5412B1B3D210015A2DD /* Store.swift in Sources */,
				67FF261E2B1DA65F00157074 /* SettingGeneralView.swift in Sources */,
				67D7F3802B20986D00D3B16B /* SettingLayoutView.swift in Sources */,
			);
			runOnlyForDeploymentPostprocessing = 0;
		};
/* End PBXSourcesBuildPhase section */

/* Begin XCBuildConfiguration section */
		6768C5352B1B39530015A2DD /* Debug */ = {
			isa = XCBuildConfiguration;
			buildSettings = {
				ALWAYS_SEARCH_USER_PATHS = NO;
				ASSETCATALOG_COMPILER_GENERATE_SWIFT_ASSET_SYMBOL_EXTENSIONS = YES;
				CLANG_ANALYZER_NONNULL = YES;
				CLANG_ANALYZER_NUMBER_OBJECT_CONVERSION = YES_AGGRESSIVE;
				CLANG_CXX_LANGUAGE_STANDARD = "gnu++20";
				CLANG_ENABLE_MODULES = YES;
				CLANG_ENABLE_OBJC_ARC = YES;
				CLANG_ENABLE_OBJC_WEAK = YES;
				CLANG_WARN_BLOCK_CAPTURE_AUTORELEASING = YES;
				CLANG_WARN_BOOL_CONVERSION = YES;
				CLANG_WARN_COMMA = YES;
				CLANG_WARN_CONSTANT_CONVERSION = YES;
				CLANG_WARN_DEPRECATED_OBJC_IMPLEMENTATIONS = YES;
				CLANG_WARN_DIRECT_OBJC_ISA_USAGE = YES_ERROR;
				CLANG_WARN_DOCUMENTATION_COMMENTS = YES;
				CLANG_WARN_EMPTY_BODY = YES;
				CLANG_WARN_ENUM_CONVERSION = YES;
				CLANG_WARN_INFINITE_RECURSION = YES;
				CLANG_WARN_INT_CONVERSION = YES;
				CLANG_WARN_NON_LITERAL_NULL_CONVERSION = YES;
				CLANG_WARN_OBJC_IMPLICIT_RETAIN_SELF = YES;
				CLANG_WARN_OBJC_LITERAL_CONVERSION = YES;
				CLANG_WARN_OBJC_ROOT_CLASS = YES_ERROR;
				CLANG_WARN_QUOTED_INCLUDE_IN_FRAMEWORK_HEADER = YES;
				CLANG_WARN_RANGE_LOOP_ANALYSIS = YES;
				CLANG_WARN_STRICT_PROTOTYPES = YES;
				CLANG_WARN_SUSPICIOUS_MOVE = YES;
				CLANG_WARN_UNGUARDED_AVAILABILITY = YES_AGGRESSIVE;
				CLANG_WARN_UNREACHABLE_CODE = YES;
				CLANG_WARN__DUPLICATE_METHOD_MATCH = YES;
				COPY_PHASE_STRIP = NO;
				DEBUG_INFORMATION_FORMAT = dwarf;
				ENABLE_STRICT_OBJC_MSGSEND = YES;
				ENABLE_TESTABILITY = YES;
				ENABLE_USER_SCRIPT_SANDBOXING = YES;
				GCC_C_LANGUAGE_STANDARD = gnu17;
				GCC_DYNAMIC_NO_PIC = NO;
				GCC_NO_COMMON_BLOCKS = YES;
				GCC_OPTIMIZATION_LEVEL = 0;
				GCC_PREPROCESSOR_DEFINITIONS = (
					"DEBUG=1",
					"$(inherited)",
				);
				GCC_WARN_64_TO_32_BIT_CONVERSION = YES;
				GCC_WARN_ABOUT_RETURN_TYPE = YES_ERROR;
				GCC_WARN_UNDECLARED_SELECTOR = YES;
				GCC_WARN_UNINITIALIZED_AUTOS = YES_AGGRESSIVE;
				GCC_WARN_UNUSED_FUNCTION = YES;
				GCC_WARN_UNUSED_VARIABLE = YES;
				LOCALIZATION_PREFERS_STRING_CATALOGS = YES;
				MACOSX_DEPLOYMENT_TARGET = 12.0;
				MTL_ENABLE_DEBUG_INFO = INCLUDE_SOURCE;
				MTL_FAST_MATH = YES;
				ONLY_ACTIVE_ARCH = YES;
				SDKROOT = macosx;
				SWIFT_ACTIVE_COMPILATION_CONDITIONS = "DEBUG $(inherited)";
				SWIFT_OPTIMIZATION_LEVEL = "-Onone";
			};
			name = Debug;
		};
		6768C5362B1B39530015A2DD /* Release */ = {
			isa = XCBuildConfiguration;
			buildSettings = {
				ALWAYS_SEARCH_USER_PATHS = NO;
				ASSETCATALOG_COMPILER_GENERATE_SWIFT_ASSET_SYMBOL_EXTENSIONS = YES;
				CLANG_ANALYZER_NONNULL = YES;
				CLANG_ANALYZER_NUMBER_OBJECT_CONVERSION = YES_AGGRESSIVE;
				CLANG_CXX_LANGUAGE_STANDARD = "gnu++20";
				CLANG_ENABLE_MODULES = YES;
				CLANG_ENABLE_OBJC_ARC = YES;
				CLANG_ENABLE_OBJC_WEAK = YES;
				CLANG_WARN_BLOCK_CAPTURE_AUTORELEASING = YES;
				CLANG_WARN_BOOL_CONVERSION = YES;
				CLANG_WARN_COMMA = YES;
				CLANG_WARN_CONSTANT_CONVERSION = YES;
				CLANG_WARN_DEPRECATED_OBJC_IMPLEMENTATIONS = YES;
				CLANG_WARN_DIRECT_OBJC_ISA_USAGE = YES_ERROR;
				CLANG_WARN_DOCUMENTATION_COMMENTS = YES;
				CLANG_WARN_EMPTY_BODY = YES;
				CLANG_WARN_ENUM_CONVERSION = YES;
				CLANG_WARN_INFINITE_RECURSION = YES;
				CLANG_WARN_INT_CONVERSION = YES;
				CLANG_WARN_NON_LITERAL_NULL_CONVERSION = YES;
				CLANG_WARN_OBJC_IMPLICIT_RETAIN_SELF = YES;
				CLANG_WARN_OBJC_LITERAL_CONVERSION = YES;
				CLANG_WARN_OBJC_ROOT_CLASS = YES_ERROR;
				CLANG_WARN_QUOTED_INCLUDE_IN_FRAMEWORK_HEADER = YES;
				CLANG_WARN_RANGE_LOOP_ANALYSIS = YES;
				CLANG_WARN_STRICT_PROTOTYPES = YES;
				CLANG_WARN_SUSPICIOUS_MOVE = YES;
				CLANG_WARN_UNGUARDED_AVAILABILITY = YES_AGGRESSIVE;
				CLANG_WARN_UNREACHABLE_CODE = YES;
				CLANG_WARN__DUPLICATE_METHOD_MATCH = YES;
				COPY_PHASE_STRIP = NO;
				DEBUG_INFORMATION_FORMAT = "dwarf-with-dsym";
				ENABLE_NS_ASSERTIONS = NO;
				ENABLE_STRICT_OBJC_MSGSEND = YES;
				ENABLE_USER_SCRIPT_SANDBOXING = YES;
				GCC_C_LANGUAGE_STANDARD = gnu17;
				GCC_NO_COMMON_BLOCKS = YES;
				GCC_WARN_64_TO_32_BIT_CONVERSION = YES;
				GCC_WARN_ABOUT_RETURN_TYPE = YES_ERROR;
				GCC_WARN_UNDECLARED_SELECTOR = YES;
				GCC_WARN_UNINITIALIZED_AUTOS = YES_AGGRESSIVE;
				GCC_WARN_UNUSED_FUNCTION = YES;
				GCC_WARN_UNUSED_VARIABLE = YES;
				LOCALIZATION_PREFERS_STRING_CATALOGS = YES;
				MACOSX_DEPLOYMENT_TARGET = 12.0;
				MTL_ENABLE_DEBUG_INFO = NO;
				MTL_FAST_MATH = YES;
				SDKROOT = macosx;
				SWIFT_COMPILATION_MODE = wholemodule;
			};
			name = Release;
		};
		6768C5382B1B39530015A2DD /* Debug */ = {
			isa = XCBuildConfiguration;
			buildSettings = {
				ASSETCATALOG_COMPILER_APPICON_NAME = AppIcon;
				ASSETCATALOG_COMPILER_GLOBAL_ACCENT_COLOR_NAME = AccentColor;
				ASSETCATALOG_COMPILER_INCLUDE_ALL_APPICON_ASSETS = NO;
				CODE_SIGN_ENTITLEMENTS = NaiveCal/NaiveCal.entitlements;
				CODE_SIGN_STYLE = Automatic;
				COMBINE_HIDPI_IMAGES = YES;
				CURRENT_PROJECT_VERSION = 1;
				DEVELOPMENT_ASSET_PATHS = "\"NaiveCal/Preview Content\"";
				DEVELOPMENT_TEAM = UAKM283778;
				ENABLE_HARDENED_RUNTIME = YES;
				ENABLE_PREVIEWS = YES;
				GENERATE_INFOPLIST_FILE = YES;
				INFOPLIST_KEY_LSApplicationCategoryType = "public.app-category.utilities";
				INFOPLIST_KEY_LSUIElement = YES;
				INFOPLIST_KEY_NSHumanReadableCopyright = "";
				LD_RUNPATH_SEARCH_PATHS = (
					"$(inherited)",
					"@executable_path/../Frameworks",
				);
				MACOSX_DEPLOYMENT_TARGET = 12.0;
				MARKETING_VERSION = 1.0.0;
				PRODUCT_BUNDLE_IDENTIFIER = com.GXFG.NaiveCal;
				PRODUCT_NAME = "$(TARGET_NAME)";
				SWIFT_EMIT_LOC_STRINGS = YES;
				SWIFT_VERSION = 5.0;
			};
			name = Debug;
		};
		6768C5392B1B39530015A2DD /* Release */ = {
			isa = XCBuildConfiguration;
			buildSettings = {
				ASSETCATALOG_COMPILER_APPICON_NAME = AppIcon;
				ASSETCATALOG_COMPILER_GLOBAL_ACCENT_COLOR_NAME = AccentColor;
				ASSETCATALOG_COMPILER_INCLUDE_ALL_APPICON_ASSETS = NO;
				CODE_SIGN_ENTITLEMENTS = NaiveCal/NaiveCal.entitlements;
				CODE_SIGN_STYLE = Automatic;
				COMBINE_HIDPI_IMAGES = YES;
				CURRENT_PROJECT_VERSION = 1;
				DEVELOPMENT_ASSET_PATHS = "\"NaiveCal/Preview Content\"";
				DEVELOPMENT_TEAM = UAKM283778;
				ENABLE_HARDENED_RUNTIME = YES;
				ENABLE_PREVIEWS = YES;
				GENERATE_INFOPLIST_FILE = YES;
				INFOPLIST_KEY_LSApplicationCategoryType = "public.app-category.utilities";
				INFOPLIST_KEY_LSUIElement = YES;
				INFOPLIST_KEY_NSHumanReadableCopyright = "";
				LD_RUNPATH_SEARCH_PATHS = (
					"$(inherited)",
					"@executable_path/../Frameworks",
				);
				MACOSX_DEPLOYMENT_TARGET = 12.0;
				MARKETING_VERSION = 1.0.0;
				PRODUCT_BUNDLE_IDENTIFIER = com.GXFG.NaiveCal;
				PRODUCT_NAME = "$(TARGET_NAME)";
				SWIFT_EMIT_LOC_STRINGS = YES;
				SWIFT_VERSION = 5.0;
			};
			name = Release;
		};
/* End XCBuildConfiguration section */

/* Begin XCConfigurationList section */
		6768C5232B1B39520015A2DD /* Build configuration list for PBXProject "NaiveCal" */ = {
			isa = XCConfigurationList;
			buildConfigurations = (
				6768C5352B1B39530015A2DD /* Debug */,
				6768C5362B1B39530015A2DD /* Release */,
			);
			defaultConfigurationIsVisible = 0;
			defaultConfigurationName = Release;
		};
		6768C5372B1B39530015A2DD /* Build configuration list for PBXNativeTarget "NaiveCal" */ = {
			isa = XCConfigurationList;
			buildConfigurations = (
				6768C5382B1B39530015A2DD /* Debug */,
				6768C5392B1B39530015A2DD /* Release */,
			);
			defaultConfigurationIsVisible = 0;
			defaultConfigurationName = Release;
		};
/* End XCConfigurationList section */

/* Begin XCRemoteSwiftPackageReference section */
		6768C53C2B1B3C870015A2DD /* XCRemoteSwiftPackageReference "lunar-swift" */ = {
			isa = XCRemoteSwiftPackageReference;
			repositoryURL = "https://github.com/6tail/lunar-swift.git";
			requirement = {
				kind = upToNextMajorVersion;
				minimumVersion = 1.0.5;
			};
		};
		67D55FEB2B21E36A0090D10A /* XCRemoteSwiftPackageReference "LaunchAtLogin" */ = {
			isa = XCRemoteSwiftPackageReference;
			repositoryURL = "https://github.com/sindresorhus/LaunchAtLogin.git";
			requirement = {
				branch = main;
				kind = branch;
			};
		};
/* End XCRemoteSwiftPackageReference section */

/* Begin XCSwiftPackageProductDependency section */
		6768C53D2B1B3C870015A2DD /* LunarSwift */ = {
			isa = XCSwiftPackageProductDependency;
			package = 6768C53C2B1B3C870015A2DD /* XCRemoteSwiftPackageReference "lunar-swift" */;
			productName = LunarSwift;
		};
		67D55FEC2B21E36A0090D10A /* LaunchAtLogin */ = {
			isa = XCSwiftPackageProductDependency;
			package = 67D55FEB2B21E36A0090D10A /* XCRemoteSwiftPackageReference "LaunchAtLogin" */;
			productName = LaunchAtLogin;
		};
/* End XCSwiftPackageProductDependency section */
	};
	rootObject = 6768C5202B1B39520015A2DD /* Project object */;
}
